
Microsoft Visual Studio Solution File, Format Version 12.00
# Visual Studio Version 16
VisualStudioVersion = 25.0.1706.8
MinimumVisualStudioVersion = 10.0.40219.1
Project("{FAE04EC0-301F-11D3-BF4B-00C04F79EFBC}") = "BrassAndPoem", "BrassAndPoem.csproj", "{502648E7-D642-4C1D-8307-4B90FE3E92FA}"
EndProject
Global
	GlobalSection(SolutionConfigurationPlatforms) = preSolution
		Debug|Any CPU = Debug|Any CPU
		Release|Any CPU = Release|Any CPU
	EndGlobalSection
	GlobalSection(ProjectConfigurationPlatforms) = postSolution
		{502648E7-D642-4C1D-8307-4B90FE3E92FA}.Debug|Any CPU.ActiveCfg = Debug|Any CPU
		{502648E7-D642-4C1D-8307-4B90FE3E92FA}.Debug|Any CPU.Build.0 = Debug|Any CPU
		{502648E7-D642-4C1D-8307-4B90FE3E92FA}.Release|Any CPU.ActiveCfg = Release|Any CPU
		{502648E7-D642-4C1D-8307-4B90FE3E92FA}.Release|Any CPU.Build.0 = Release|Any CPU
	EndGlobalSection
	GlobalSection(SolutionProperties) = preSolution
		HideSolutionNode = FALSE
	EndGlobalSection
	GlobalSection(ExtensibilityGlobals) = postSolution
		SolutionGuid = {4DC36D59-110B-46BF-A916-F7532AEADD28}
	EndGlobalSection
EndGlobal
